
Microsoft Visual Studio Solution File, Format Version 12.00
# Visual Studio Version 17
VisualStudioVersion = 17.14.36811.4 d17.14
MinimumVisualStudioVersion = 10.0.40219.1
Project("{FAE04EC0-301F-11D3-BF4B-00C04F79EFBC}") = "ZooCombat", "ZooCombat\ZooCombat.csproj", "{B8E40D86-E86D-4B32-A22C-A59E9022444A}"
EndProject
Global
	GlobalSection(SolutionConfigurationPlatforms) = preSolution
		Debug|Any CPU = Debug|Any CPU
		Release|Any CPU = Release|Any CPU
	EndGlobalSection
	GlobalSection(ProjectConfigurationPlatforms) = postSolution
		{B8E40D86-E86D-4B32-A22C-A59E9022444A}.Debug|Any CPU.ActiveCfg = Debug|Any CPU
		{B8E40D86-E86D-4B32-A22C-A59E9022444A}.Debug|Any CPU.Build.0 = Debug|Any CPU
		{B8E40D86-E86D-4B32-A22C-A59E9022444A}.Release|Any CPU.ActiveCfg = Release|Any CPU
		{B8E40D86-E86D-4B32-A22C-A59E9022444A}.Release|Any CPU.Build.0 = Release|Any CPU
	EndGlobalSection
	GlobalSection(SolutionProperties) = preSolution
		HideSolutionNode = FALSE
	EndGlobalSection
	GlobalSection(ExtensibilityGlobals) = postSolution
		SolutionGuid = {790F1303-1067-4F07-97F7-940D6017992B}
	EndGlobalSection
EndGlobal
